
Microsoft Visual Studio Solution File, Format Version 12.00
# Visual Studio 15
VisualStudioVersion = 15.0.28307.329
MinimumVisualStudioVersion = 10.0.40219.1
Project("{8BC9CEB8-8B4A-11D0-8D11-00A0C91BC942}") = "VBreadthFirstSearch", "VBreadthFirstSearch\VBreadthFirstSearch.vcxproj", "{803EDFA2-C2DC-4256-87E6-095A2B5D297D}"
EndProject
Global
	GlobalSection(SolutionConfigurationPlatforms) = preSolution
		Debug|x64 = Debug|x64
		Debug|x86 = Debug|x86
		Release|x64 = Release|x64
		Release|x86 = Release|x86
	EndGlobalSection
	GlobalSection(ProjectConfigurationPlatforms) = postSolution
		{803EDFA2-C2DC-4256-87E6-095A2B5D297D}.Debug|x64.ActiveCfg = Debug|x64
		{803EDFA2-C2DC-4256-87E6-095A2B5D297D}.Debug|x64.Build.0 = Debug|x64
		{803EDFA2-C2DC-4256-87E6-095A2B5D297D}.Debug|x86.ActiveCfg = Debug|Win32
		{803EDFA2-C2DC-4256-87E6-095A2B5D297D}.Debug|x86.Build.0 = Debug|Win32
		{803EDFA2-C2DC-4256-87E6-095A2B5D297D}.Release|x64.ActiveCfg = Release|x64
		{803EDFA2-C2DC-4256-87E6-095A2B5D297D}.Release|x64.Build.0 = Release|x64
		{803EDFA2-C2DC-4256-87E6-095A2B5D297D}.Release|x86.ActiveCfg = Release|Win32
		{803EDFA2-C2DC-4256-87E6-095A2B5D297D}.Release|x86.Build.0 = Release|Win32
	EndGlobalSection
	GlobalSection(SolutionProperties) = preSolution
		HideSolutionNode = FALSE
	EndGlobalSection
	GlobalSection(ExtensibilityGlobals) = postSolution
		SolutionGuid = {BC74A524-3AA8-4D23-9D8E-B9A3F7C42594}
	EndGlobalSection
EndGlobal
